// !$*UTF8*$!
{
	archiveVersion = 1;
	classes = {
	};
	objectVersion = 55;
	objects = {

/* Begin PBXBuildFile section */
		5AFFBB2228B2CFB60025C9A9 /* AppDelegate.swift in Sources */ = {isa = PBXBuildFile; fileRef = 5AFFBB2128B2CFB60025C9A9 /* AppDelegate.swift */; };
		5AFFBB2428B2CFB60025C9A9 /* SceneDelegate.swift in Sources */ = {isa = PBXBuildFile; fileRef = 5AFFBB2328B2CFB60025C9A9 /* SceneDelegate.swift */; };
		5AFFBB2628B2CFB60025C9A9 /* ViewController.swift in Sources */ = {isa = PBXBuildFile; fileRef = 5AFFBB2528B2CFB60025C9A9 /* ViewController.swift */; };
		5AFFBB2928B2CFB60025C9A9 /* Main.storyboard in Resources */ = {isa = PBXBuildFile; fileRef = 5AFFBB2728B2CFB60025C9A9 /* Main.storyboard */; };
		5AFFBB2B28B2CFC00025C9A9 /* Assets.xcassets in Resources */ = {isa = PBXBuildFile; fileRef = 5AFFBB2A28B2CFC00025C9A9 /* Assets.xcassets */; };
		5AFFBB2E28B2CFC00025C9A9 /* LaunchScreen.storyboard in Resources */ = {isa = PBXBuildFile; fileRef = 5AFFBB2C28B2CFC00025C9A9 /* LaunchScreen.storyboard */; };
		5AFFBB3928B2CFC10025C9A9 /* NotificationTestTests.swift in Sources */ = {isa = PBXBuildFile; fileRef = 5AFFBB3828B2CFC10025C9A9 /* NotificationTestTests.swift */; };
		5AFFBB4328B2CFC10025C9A9 /* NotificationTestUITests.swift in Sources */ = {isa = PBXBuildFile; fileRef = 5AFFBB4228B2CFC10025C9A9 /* NotificationTestUITests.swift */; };
		5AFFBB4528B2CFC10025C9A9 /* NotificationTestUITestsLaunchTests.swift in Sources */ = {isa = PBXBuildFile; fileRef = 5AFFBB4428B2CFC10025C9A9 /* NotificationTestUITestsLaunchTests.swift */; };
/* End PBXBuildFile section */

/* Begin PBXContainerItemProxy section */
		5AFFBB3528B2CFC10025C9A9 /* PBXContainerItemProxy */ = {
			isa = PBXContainerItemProxy;
			containerPortal = 5AFFBB1628B2CFB60025C9A9 /* Project object */;
			proxyType = 1;
			remoteGlobalIDString = 5AFFBB1D28B2CFB60025C9A9;
			remoteInfo = NotificationTest;
		};
		5AFFBB3F28B2CFC10025C9A9 /* PBXContainerItemProxy */ = {
			isa = PBXContainerItemProxy;
			containerPortal = 5AFFBB1628B2CFB60025C9A9 /* Project object */;
			proxyType = 1;
			remoteGlobalIDString = 5AFFBB1D28B2CFB60025C9A9;
			remoteInfo = NotificationTest;
		};
/* End PBXContainerItemProxy section */

/* Begin PBXFileReference section */
		5AFFBB1E28B2CFB60025C9A9 /* NotificationTest.app */ = {isa = PBXFileReference; explicitFileType = wrapper.application; includeInIndex = 0; path = NotificationTest.app; sourceTree = BUILT_PRODUCTS_DIR; };
		5AFFBB2128B2CFB60025C9A9 /* AppDelegate.swift */ = {isa = PBXFileReference; lastKnownFileType = sourcecode.swift; path = AppDelegate.swift; sourceTree = "<group>"; };
		5AFFBB2328B2CFB60025C9A9 /* SceneDelegate.swift */ = {isa = PBXFileReference; lastKnownFileType = sourcecode.swift; path = SceneDelegate.swift; sourceTree = "<group>"; };
		5AFFBB2528B2CFB60025C9A9 /* ViewController.swift */ = {isa = PBXFileReference; lastKnownFileType = sourcecode.swift; path = ViewController.swift; sourceTree = "<group>"; };
		5AFFBB2828B2CFB60025C9A9 /* Base */ = {isa = PBXFileReference; lastKnownFileType = file.storyboard; name = Base; path = Base.lproj/Main.storyboard; sourceTree = "<group>"; };
		5AFFBB2A28B2CFC00025C9A9 /* Assets.xcassets */ = {isa = PBXFileReference; lastKnownFileType = folder.assetcatalog; path = Assets.xcassets; sourceTree = "<group>"; };
		5AFFBB2D28B2CFC00025C9A9 /* Base */ = {isa = PBXFileReference; lastKnownFileType = file.storyboard; name = Base; path = Base.lproj/LaunchScreen.storyboard; sourceTree = "<group>"; };
		5AFFBB2F28B2CFC00025C9A9 /* Info.plist */ = {isa = PBXFileReference; lastKnownFileType = text.plist.xml; path = Info.plist; sourceTree = "<group>"; };
		5AFFBB3428B2CFC10025C9A9 /* NotificationTestTests.xctest */ = {isa = PBXFileReference; explicitFileType = wrapper.cfbundle; includeInIndex = 0; path = NotificationTestTests.xctest; sourceTree = BUILT_PRODUCTS_DIR; };
		5AFFBB3828B2CFC10025C9A9 /* NotificationTestTests.swift */ = {isa = PBXFileReference; lastKnownFileType = sourcecode.swift; path = NotificationTestTests.swift; sourceTree = "<group>"; };
		5AFFBB3E28B2CFC10025C9A9 /* NotificationTestUITests.xctest */ = {isa = PBXFileReference; explicitFileType = wrapper.cfbundle; includeInIndex = 0; path = NotificationTestUITests.xctest; sourceTree = BUILT_PRODUCTS_DIR; };
		5AFFBB4228B2CFC10025C9A9 /* NotificationTestUITests.swift */ = {isa = PBXFileReference; lastKnownFileType = sourcecode.swift; path = NotificationTestUITests.swift; sourceTree = "<group>"; };
		5AFFBB4428B2CFC10025C9A9 /* NotificationTestUITestsLaunchTests.swift */ = {isa = PBXFileReference; lastKnownFileType = sourcecode.swift; path = NotificationTestUITestsLaunchTests.swift; sourceTree = "<group>"; };
/* End PBXFileReference section */

/* Begin PBXFrameworksBuildPhase section */
		5AFFBB1B28B2CFB60025C9A9 /* Frameworks */ = {
			isa = PBXFrameworksBuildPhase;
			buildActionMask = 2147483647;
			files = (
			);
			runOnlyForDeploymentPostprocessing = 0;
		};
		5AFFBB3128B2CFC10025C9A9 /* Frameworks */ = {
			isa = PBXFrameworksBuildPhase;
			buildActionMask = 2147483647;
			files = (
			);
			runOnlyForDeploymentPostprocessing = 0;
		};
		5AFFBB3B28B2CFC10025C9A9 /* Frameworks */ = {
			isa = PBXFrameworksBuildPhase;
			buildActionMask = 2147483647;
			files = (
			);
			runOnlyForDeploymentPostprocessing = 0;
		};
/* End PBXFrameworksBuildPhase section */

/* Begin PBXGroup section */
		5AFFBB1528B2CFB60025C9A9 = {
			isa = PBXGroup;
			children = (
				5AFFBB2028B2CFB60025C9A9 /* NotificationTest */,
				5AFFBB3728B2CFC10025C9A9 /* NotificationTestTests */,
				5AFFBB4128B2CFC10025C9A9 /* NotificationTestUITests */,
				5AFFBB1F28B2CFB60025C9A9 /* Products */,
			);
			sourceTree = "<group>";
		};
		5AFFBB1F28B2CFB60025C9A9 /* Products */ = {
			isa = PBXGroup;
			children = (
				5AFFBB1E28B2CFB60025C9A9 /* NotificationTest.app */,
				5AFFBB3428B2CFC10025C9A9 /* NotificationTestTests.xctest */,
				5AFFBB3E28B2CFC10025C9A9 /* NotificationTestUITests.xctest */,
			);
			name = Products;
			sourceTree = "<group>";
		};
		5AFFBB2028B2CFB60025C9A9 /* NotificationTest */ = {
			isa = PBXGroup;
			children = (
				5AFFBB2128B2CFB60025C9A9 /* AppDelegate.swift */,
				5AFFBB2328B2CFB60025C9A9 /* SceneDelegate.swift */,
				5AFFBB2528B2CFB60025C9A9 /* ViewController.swift */,
				5AFFBB2728B2CFB60025C9A9 /* Main.storyboard */,
				5AFFBB2A28B2CFC00025C9A9 /* Assets.xcassets */,
				5AFFBB2C28B2CFC00025C9A9 /* LaunchScreen.storyboard */,
				5AFFBB2F28B2CFC00025C9A9 /* Info.plist */,
			);
			path = NotificationTest;
			sourceTree = "<group>";
		};
		5AFFBB3728B2CFC10025C9A9 /* NotificationTestTests */ = {
			isa = PBXGroup;
			children = (
				5AFFBB3828B2CFC10025C9A9 /* NotificationTestTests.swift */,
			);
			path = NotificationTestTests;
			sourceTree = "<group>";
		};
		5AFFBB4128B2CFC10025C9A9 /* NotificationTestUITests */ = {
			isa = PBXGroup;
			children = (
				5AFFBB4228B2CFC10025C9A9 /* NotificationTestUITests.swift */,
				5AFFBB4428B2CFC10025C9A9 /* NotificationTestUITestsLaunchTests.swift */,
			);
			path = NotificationTestUITests;
			sourceTree = "<group>";
		};
/* End PBXGroup section */

/* Begin PBXNativeTarget section */
		5AFFBB1D28B2CFB60025C9A9 /* NotificationTest */ = {
			isa = PBXNativeTarget;
			buildConfigurationList = 5AFFBB4828B2CFC10025C9A9 /* Build configuration list for PBXNativeTarget "NotificationTest" */;
			buildPhases = (
				5AFFBB1A28B2CFB60025C9A9 /* Sources */,
				5AFFBB1B28B2CFB60025C9A9 /* Frameworks */,
				5AFFBB1C28B2CFB60025C9A9 /* Resources */,
			);
			buildRules = (
			);
			dependencies = (
			);
			name = NotificationTest;
			productName = NotificationTest;
			productReference = 5AFFBB1E28B2CFB60025C9A9 /* NotificationTest.app */;
			productType = "com.apple.product-type.application";
		};
		5AFFBB3328B2CFC10025C9A9 /* NotificationTestTests */ = {
			isa = PBXNativeTarget;
			buildConfigurationList = 5AFFBB4B28B2CFC10025C9A9 /* Build configuration list for PBXNativeTarget "NotificationTestTests" */;
			buildPhases = (
				5AFFBB3028B2CFC10025C9A9 /* Sources */,
				5AFFBB3128B2CFC10025C9A9 /* Frameworks */,
				5AFFBB3228B2CFC10025C9A9 /* Resources */,
			);
			buildRules = (
			);
			dependencies = (
				5AFFBB3628B2CFC10025C9A9 /* PBXTargetDependency */,
			);
			name = NotificationTestTests;
			productName = NotificationTestTests;
			productReference = 5AFFBB3428B2CFC10025C9A9 /* NotificationTestTests.xctest */;
			productType = "com.apple.product-type.bundle.unit-test";
		};
		5AFFBB3D28B2CFC10025C9A9 /* NotificationTestUITests */ = {
			isa = PBXNativeTarget;
			buildConfigurationList = 5AFFBB4E28B2CFC10025C9A9 /* Build configuration list for PBXNativeTarget "NotificationTestUITests" */;
			buildPhases = (
				5AFFBB3A28B2CFC10025C9A9 /* Sources */,
				5AFFBB3B28B2CFC10025C9A9 /* Frameworks */,
				5AFFBB3C28B2CFC10025C9A9 /* Resources */,
			);
			buildRules = (
			);
			dependencies = (
				5AFFBB4028B2CFC10025C9A9 /* PBXTargetDependency */,
			);
			name = NotificationTestUITests;
			productName = NotificationTestUITests;
			productReference = 5AFFBB3E28B2CFC10025C9A9 /* NotificationTestUITests.xctest */;
			productType = "com.apple.product-type.bundle.ui-testing";
		};
/* End PBXNativeTarget section */

/* Begin PBXProject section */
		5AFFBB1628B2CFB60025C9A9 /* Project object */ = {
			isa = PBXProject;
			attributes = {
				BuildIndependentTargetsInParallel = 1;
				LastSwiftUpdateCheck = 1340;
				LastUpgradeCheck = 1340;
				TargetAttributes = {
					5AFFBB1D28B2CFB60025C9A9 = {
						CreatedOnToolsVersion = 13.4.1;
					};
					5AFFBB3328B2CFC10025C9A9 = {
						CreatedOnToolsVersion = 13.4.1;
						TestTargetID = 5AFFBB1D28B2CFB60025C9A9;
					};
					5AFFBB3D28B2CFC10025C9A9 = {
						CreatedOnToolsVersion = 13.4.1;
						TestTargetID = 5AFFBB1D28B2CFB60025C9A9;
					};
				};
			};
			buildConfigurationList = 5AFFBB1928B2CFB60025C9A9 /* Build configuration list for PBXProject "NotificationTest" */;
			compatibilityVersion = "Xcode 13.0";
			developmentRegion = en;
			hasScannedForEncodings = 0;
			knownRegions = (
				en,
				Base,
			);
			mainGroup = 5AFFBB1528B2CFB60025C9A9;
			productRefGroup = 5AFFBB1F28B2CFB60025C9A9 /* Products */;
			projectDirPath = "";
			projectRoot = "";
			targets = (
				5AFFBB1D28B2CFB60025C9A9 /* NotificationTest */,
				5AFFBB3328B2CFC10025C9A9 /* NotificationTestTests */,
				5AFFBB3D28B2CFC10025C9A9 /* NotificationTestUITests */,
			);
		};
/* End PBXProject section */

/* Begin PBXResourcesBuildPhase section */
		5AFFBB1C28B2CFB60025C9A9 /* Resources */ = {
			isa = PBXResourcesBuildPhase;
			buildActionMask = 2147483647;
			files = (
				5AFFBB2E28B2CFC00025C9A9 /* LaunchScreen.storyboard in Resources */,
				5AFFBB2B28B2CFC00025C9A9 /* Assets.xcassets in Resources */,
				5AFFBB2928B2CFB60025C9A9 /* Main.storyboard in Resources */,
			);
			runOnlyForDeploymentPostprocessing = 0;
		};
		5AFFBB3228B2CFC10025C9A9 /* Resources */ = {
			isa = PBXResourcesBuildPhase;
			buildActionMask = 2147483647;
			files = (
			);
			runOnlyForDeploymentPostprocessing = 0;
		};
		5AFFBB3C28B2CFC10025C9A9 /* Resources */ = {
			isa = PBXResourcesBuildPhase;
			buildActionMask = 2147483647;
			files = (
			);
			runOnlyForDeploymentPostprocessing = 0;
		};
/* End PBXResourcesBuildPhase section */

/* Begin PBXSourcesBuildPhase section */
		5AFFBB1A28B2CFB60025C9A9 /* Sources */ = {
			isa = PBXSourcesBuildPhase;
			buildActionMask = 2147483647;
			files = (
				5AFFBB2628B2CFB60025C9A9 /* ViewController.swift in Sources */,
				5AFFBB2228B2CFB60025C9A9 /* AppDelegate.swift in Sources */,
				5AFFBB2428B2CFB60025C9A9 /* SceneDelegate.swift in Sources */,
			);
			runOnlyForDeploymentPostprocessing = 0;
		};
		5AFFBB3028B2CFC10025C9A9 /* Sources */ = {
			isa = PBXSourcesBuildPhase;
			buildActionMask = 2147483647;
			files = (
				5AFFBB3928B2CFC10025C9A9 /* NotificationTestTests.swift in Sources */,
			);
			runOnlyForDeploymentPostprocessing = 0;
		};
		5AFFBB3A28B2CFC10025C9A9 /* Sources */ = {
			isa = PBXSourcesBuildPhase;
			buildActionMask = 2147483647;
			files = (
				5AFFBB4328B2CFC10025C9A9 /* NotificationTestUITests.swift in Sources */,
				5AFFBB4528B2CFC10025C9A9 /* NotificationTestUITestsLaunchTests.swift in Sources */,
			);
			runOnlyForDeploymentPostprocessing = 0;
		};
/* End PBXSourcesBuildPhase section */

/* Begin PBXTargetDependency section */
		5AFFBB3628B2CFC10025C9A9 /* PBXTargetDependency */ = {
			isa = PBXTargetDependency;
			target = 5AFFBB1D28B2CFB60025C9A9 /* NotificationTest */;
			targetProxy = 5AFFBB3528B2CFC10025C9A9 /* PBXContainerItemProxy */;
		};
		5AFFBB4028B2CFC10025C9A9 /* PBXTargetDependency */ = {
			isa = PBXTargetDependency;
			target = 5AFFBB1D28B2CFB60025C9A9 /* NotificationTest */;
			targetProxy = 5AFFBB3F28B2CFC10025C9A9 /* PBXContainerItemProxy */;
		};
/* End PBXTargetDependency section */

/* Begin PBXVariantGroup section */
		5AFFBB2728B2CFB60025C9A9 /* Main.storyboard */ = {
			isa = PBXVariantGroup;
			children = (
				5AFFBB2828B2CFB60025C9A9 /* Base */,
			);
			name = Main.storyboard;
			sourceTree = "<group>";
		};
		5AFFBB2C28B2CFC00025C9A9 /* LaunchScreen.storyboard */ = {
			isa = PBXVariantGroup;
			children = (
				5AFFBB2D28B2CFC00025C9A9 /* Base */,
			);
			name = LaunchScreen.storyboard;
			sourceTree = "<group>";
		};
/* End PBXVariantGroup section */

/* Begin XCBuildConfiguration section */
		5AFFBB4628B2CFC10025C9A9 /* Debug */ = {
			isa = XCBuildConfiguration;
			buildSettings = {
				ALWAYS_SEARCH_USER_PATHS = NO;
				CLANG_ANALYZER_NONNULL = YES;
				CLANG_ANALYZER_NUMBER_OBJECT_CONVERSION = YES_AGGRESSIVE;
				CLANG_CXX_LANGUAGE_STANDARD = "gnu++17";
				CLANG_ENABLE_MODULES = YES;
				CLANG_ENABLE_OBJC_ARC = YES;
				CLANG_ENABLE_OBJC_WEAK = YES;
				CLANG_WARN_BLOCK_CAPTURE_AUTORELEASING = YES;
				CLANG_WARN_BOOL_CONVERSION = YES;
				CLANG_WARN_COMMA = YES;
				CLANG_WARN_CONSTANT_CONVERSION = YES;
				CLANG_WARN_DEPRECATED_OBJC_IMPLEMENTATIONS = YES;
				CLANG_WARN_DIRECT_OBJC_ISA_USAGE = YES_ERROR;
				CLANG_WARN_DOCUMENTATION_COMMENTS = YES;
				CLANG_WARN_EMPTY_BODY = YES;
				CLANG_WARN_ENUM_CONVERSION = YES;
				CLANG_WARN_INFINITE_RECURSION = YES;
				CLANG_WARN_INT_CONVERSION = YES;
				CLANG_WARN_NON_LITERAL_NULL_CONVERSION = YES;
				CLANG_WARN_OBJC_IMPLICIT_RETAIN_SELF = YES;
				CLANG_WARN_OBJC_LITERAL_CONVERSION = YES;
				CLANG_WARN_OBJC_ROOT_CLASS = YES_ERROR;
				CLANG_WARN_QUOTED_INCLUDE_IN_FRAMEWORK_HEADER = YES;
				CLANG_WARN_RANGE_LOOP_ANALYSIS = YES;
				CLANG_WARN_STRICT_PROTOTYPES = YES;
				CLANG_WARN_SUSPICIOUS_MOVE = YES;
				CLANG_WARN_UNGUARDED_AVAILABILITY = YES_AGGRESSIVE;
				CLANG_WARN_UNREACHABLE_CODE = YES;
				CLANG_WARN__DUPLICATE_METHOD_MATCH = YES;
				COPY_PHASE_STRIP = NO;
				DEBUG_INFORMATION_FORMAT = dwarf;
				ENABLE_STRICT_OBJC_MSGSEND = YES;
				ENABLE_TESTABILITY = YES;
				GCC_C_LANGUAGE_STANDARD = gnu11;
				GCC_DYNAMIC_NO_PIC = NO;
				GCC_NO_COMMON_BLOCKS = YES;
				GCC_OPTIMIZATION_LEVEL = 0;
				GCC_PREPROCESSOR_DEFINITIONS = (
					"DEBUG=1",
					"$(inherited)",
				);
				GCC_WARN_64_TO_32_BIT_CONVERSION = YES;
				GCC_WARN_ABOUT_RETURN_TYPE = YES_ERROR;
				GCC_WARN_UNDECLARED_SELECTOR = YES;
				GCC_WARN_UNINITIALIZED_AUTOS = YES_AGGRESSIVE;
				GCC_WARN_UNUSED_FUNCTION = YES;
				GCC_WARN_UNUSED_VARIABLE = YES;
				IPHONEOS_DEPLOYMENT_TARGET = 15.5;
				MTL_ENABLE_DEBUG_INFO = INCLUDE_SOURCE;
				MTL_FAST_MATH = YES;
				ONLY_ACTIVE_ARCH = YES;
				SDKROOT = iphoneos;
				SWIFT_ACTIVE_COMPILATION_CONDITIONS = DEBUG;
				SWIFT_OPTIMIZATION_LEVEL = "-Onone";
			};
			name = Debug;
		};
		5AFFBB4728B2CFC10025C9A9 /* Release */ = {
			isa = XCBuildConfiguration;
			buildSettings = {
				ALWAYS_SEARCH_USER_PATHS = NO;
				CLANG_ANALYZER_NONNULL = YES;
				CLANG_ANALYZER_NUMBER_OBJECT_CONVERSION = YES_AGGRESSIVE;
				CLANG_CXX_LANGUAGE_STANDARD = "gnu++17";
				CLANG_ENABLE_MODULES = YES;
				CLANG_ENABLE_OBJC_ARC = YES;
				CLANG_ENABLE_OBJC_WEAK = YES;
				CLANG_WARN_BLOCK_CAPTURE_AUTORELEASING = YES;
				CLANG_WARN_BOOL_CONVERSION = YES;
				CLANG_WARN_COMMA = YES;
				CLANG_WARN_CONSTANT_CONVERSION = YES;
				CLANG_WARN_DEPRECATED_OBJC_IMPLEMENTATIONS = YES;
				CLANG_WARN_DIRECT_OBJC_ISA_USAGE = YES_ERROR;
				CLANG_WARN_DOCUMENTATION_COMMENTS = YES;
				CLANG_WARN_EMPTY_BODY = YES;
				CLANG_WARN_ENUM_CONVERSION = YES;
				CLANG_WARN_INFINITE_RECURSION = YES;
				CLANG_WARN_INT_CONVERSION = YES;
				CLANG_WARN_NON_LITERAL_NULL_CONVERSION = YES;
				CLANG_WARN_OBJC_IMPLICIT_RETAIN_SELF = YES;
				CLANG_WARN_OBJC_LITERAL_CONVERSION = YES;
				CLANG_WARN_OBJC_ROOT_CLASS = YES_ERROR;
				CLANG_WARN_QUOTED_INCLUDE_IN_FRAMEWORK_HEADER = YES;
				CLANG_WARN_RANGE_LOOP_ANALYSIS = YES;
				CLANG_WARN_STRICT_PROTOTYPES = YES;
				CLANG_WARN_SUSPICIOUS_MOVE = YES;
				CLANG_WARN_UNGUARDED_AVAILABILITY = YES_AGGRESSIVE;
				CLANG_WARN_UNREACHABLE_CODE = YES;
				CLANG_WARN__DUPLICATE_METHOD_MATCH = YES;
				COPY_PHASE_STRIP = NO;
				DEBUG_INFORMATION_FORMAT = "dwarf-with-dsym";
				ENABLE_NS_ASSERTIONS = NO;
				ENABLE_STRICT_OBJC_MSGSEND = YES;
				GCC_C_LANGUAGE_STANDARD = gnu11;
				GCC_NO_COMMON_BLOCKS = YES;
				GCC_WARN_64_TO_32_BIT_CONVERSION = YES;
				GCC_WARN_ABOUT_RETURN_TYPE = YES_ERROR;
				GCC_WARN_UNDECLARED_SELECTOR = YES;
				GCC_WARN_UNINITIALIZED_AUTOS = YES_AGGRESSIVE;
				GCC_WARN_UNUSED_FUNCTION = YES;
				GCC_WARN_UNUSED_VARIABLE = YES;
				IPHONEOS_DEPLOYMENT_TARGET = 15.5;
				MTL_ENABLE_DEBUG_INFO = NO;
				MTL_FAST_MATH = YES;
				SDKROOT = iphoneos;
				SWIFT_COMPILATION_MODE = wholemodule;
				SWIFT_OPTIMIZATION_LEVEL = "-O";
				VALIDATE_PRODUCT = YES;
			};
			name = Release;
		};
		5AFFBB4928B2CFC10025C9A9 /* Debug */ = {
			isa = XCBuildConfiguration;
			buildSettings = {
				ASSETCATALOG_COMPILER_APPICON_NAME = AppIcon;
				ASSETCATALOG_COMPILER_GLOBAL_ACCENT_COLOR_NAME = AccentColor;
				CODE_SIGN_STYLE = Automatic;
				CURRENT_PROJECT_VERSION = 1;
				GENERATE_INFOPLIST_FILE = YES;
				INFOPLIST_FILE = NotificationTest/Info.plist;
				INFOPLIST_KEY_UIApplicationSupportsIndirectInputEvents = YES;
				INFOPLIST_KEY_UILaunchStoryboardName = LaunchScreen;
				INFOPLIST_KEY_UIMainStoryboardFile = Main;
				INFOPLIST_KEY_UISupportedInterfaceOrientations_iPad = "UIInterfaceOrientationPortrait UIInterfaceOrientationPortraitUpsideDown UIInterfaceOrientationLandscapeLeft UIInterfaceOrientationLandscapeRight";
				INFOPLIST_KEY_UISupportedInterfaceOrientations_iPhone = "UIInterfaceOrientationPortrait UIInterfaceOrientationLandscapeLeft UIInterfaceOrientationLandscapeRight";
				LD_RUNPATH_SEARCH_PATHS = (
					"$(inherited)",
					"@executable_path/Frameworks",
				);
				MARKETING_VERSION = 1.0;
				PRODUCT_BUNDLE_IDENTIFIER = im.hiro.NotificationTest;
				PRODUCT_NAME = "$(TARGET_NAME)";
				SWIFT_EMIT_LOC_STRINGS = YES;
				SWIFT_VERSION = 5.0;
				TARGETED_DEVICE_FAMILY = "1,2";
			};
			name = Debug;
		};
		5AFFBB4A28B2CFC10025C9A9 /* Release */ = {
			isa = XCBuildConfiguration;
			buildSettings = {
				ASSETCATALOG_COMPILER_APPICON_NAME = AppIcon;
				ASSETCATALOG_COMPILER_GLOBAL_ACCENT_COLOR_NAME = AccentColor;
				CODE_SIGN_STYLE = Automatic;
				CURRENT_PROJECT_VERSION = 1;
				GENERATE_INFOPLIST_FILE = YES;
				INFOPLIST_FILE = NotificationTest/Info.plist;
				INFOPLIST_KEY_UIApplicationSupportsIndirectInputEvents = YES;
				INFOPLIST_KEY_UILaunchStoryboardName = LaunchScreen;
				INFOPLIST_KEY_UIMainStoryboardFile = Main;
				INFOPLIST_KEY_UISupportedInterfaceOrientations_iPad = "UIInterfaceOrientationPortrait UIInterfaceOrientationPortraitUpsideDown UIInterfaceOrientationLandscapeLeft UIInterfaceOrientationLandscapeRight";
				INFOPLIST_KEY_UISupportedInterfaceOrientations_iPhone = "UIInterfaceOrientationPortrait UIInterfaceOrientationLandscapeLeft UIInterfaceOrientationLandscapeRight";
				LD_RUNPATH_SEARCH_PATHS = (
					"$(inherited)",
					"@executable_path/Frameworks",
				);
				MARKETING_VERSION = 1.0;
				PRODUCT_BUNDLE_IDENTIFIER = im.hiro.NotificationTest;
				PRODUCT_NAME = "$(TARGET_NAME)";
				SWIFT_EMIT_LOC_STRINGS = YES;
				SWIFT_VERSION = 5.0;
				TARGETED_DEVICE_FAMILY = "1,2";
			};
			name = Release;
		};
		5AFFBB4C28B2CFC10025C9A9 /* Debug */ = {
			isa = XCBuildConfiguration;
			buildSettings = {
				ALWAYS_EMBED_SWIFT_STANDARD_LIBRARIES = YES;
				BUNDLE_LOADER = "$(TEST_HOST)";
				CODE_SIGN_STYLE = Automatic;
				CURRENT_PROJECT_VERSION = 1;
				GENERATE_INFOPLIST_FILE = YES;
				IPHONEOS_DEPLOYMENT_TARGET = 15.5;
				MARKETING_VERSION = 1.0;
				PRODUCT_BUNDLE_IDENTIFIER = im.hiro.NotificationTestTests;
				PRODUCT_NAME = "$(TARGET_NAME)";
				SWIFT_EMIT_LOC_STRINGS = NO;
				SWIFT_VERSION = 5.0;
				TARGETED_DEVICE_FAMILY = "1,2";
				TEST_HOST = "$(BUILT_PRODUCTS_DIR)/NotificationTest.app/NotificationTest";
			};
			name = Debug;
		};
		5AFFBB4D28B2CFC10025C9A9 /* Release */ = {
			isa = XCBuildConfiguration;
			buildSettings = {
				ALWAYS_EMBED_SWIFT_STANDARD_LIBRARIES = YES;
				BUNDLE_LOADER = "$(TEST_HOST)";
				CODE_SIGN_STYLE = Automatic;
				CURRENT_PROJECT_VERSION = 1;
				GENERATE_INFOPLIST_FILE = YES;
				IPHONEOS_DEPLOYMENT_TARGET = 15.5;
				MARKETING_VERSION = 1.0;
				PRODUCT_BUNDLE_IDENTIFIER = im.hiro.NotificationTestTests;
				PRODUCT_NAME = "$(TARGET_NAME)";
				SWIFT_EMIT_LOC_STRINGS = NO;
				SWIFT_VERSION = 5.0;
				TARGETED_DEVICE_FAMILY = "1,2";
				TEST_HOST = "$(BUILT_PRODUCTS_DIR)/NotificationTest.app/NotificationTest";
			};
			name = Release;
		};
		5AFFBB4F28B2CFC10025C9A9 /* Debug */ = {
			isa = XCBuildConfiguration;
			buildSettings = {
				ALWAYS_EMBED_SWIFT_STANDARD_LIBRARIES = YES;
				CODE_SIGN_STYLE = Automatic;
				CURRENT_PROJECT_VERSION = 1;
				GENERATE_INFOPLIST_FILE = YES;
				MARKETING_VERSION = 1.0;
				PRODUCT_BUNDLE_IDENTIFIER = im.hiro.NotificationTestUITests;
				PRODUCT_NAME = "$(TARGET_NAME)";
				SWIFT_EMIT_LOC_STRINGS = NO;
				SWIFT_VERSION = 5.0;
				TARGETED_DEVICE_FAMILY = "1,2";
				TEST_TARGET_NAME = NotificationTest;
			};
			name = Debug;
		};
		5AFFBB5028B2CFC10025C9A9 /* Release */ = {
			isa = XCBuildConfiguration;
			buildSettings = {
				ALWAYS_EMBED_SWIFT_STANDARD_LIBRARIES = YES;
				CODE_SIGN_STYLE = Automatic;
				CURRENT_PROJECT_VERSION = 1;
				GENERATE_INFOPLIST_FILE = YES;
				MARKETING_VERSION = 1.0;
				PRODUCT_BUNDLE_IDENTIFIER = im.hiro.NotificationTestUITests;
				PRODUCT_NAME = "$(TARGET_NAME)";
				SWIFT_EMIT_LOC_STRINGS = NO;
				SWIFT_VERSION = 5.0;
				TARGETED_DEVICE_FAMILY = "1,2";
				TEST_TARGET_NAME = NotificationTest;
			};
			name = Release;
		};
/* End XCBuildConfiguration section */

/* Begin XCConfigurationList section */
		5AFFBB1928B2CFB60025C9A9 /* Build configuration list for PBXProject "NotificationTest" */ = {
			isa = XCConfigurationList;
			buildConfigurations = (
				5AFFBB4628B2CFC10025C9A9 /* Debug */,
				5AFFBB4728B2CFC10025C9A9 /* Release */,
			);
			defaultConfigurationIsVisible = 0;
			defaultConfigurationName = Release;
		};
		5AFFBB4828B2CFC10025C9A9 /* Build configuration list for PBXNativeTarget "NotificationTest" */ = {
			isa = XCConfigurationList;
			buildConfigurations = (
				5AFFBB4928B2CFC10025C9A9 /* Debug */,
				5AFFBB4A28B2CFC10025C9A9 /* Release */,
			);
			defaultConfigurationIsVisible = 0;
			defaultConfigurationName = Release;
		};
		5AFFBB4B28B2CFC10025C9A9 /* Build configuration list for PBXNativeTarget "NotificationTestTests" */ = {
			isa = XCConfigurationList;
			buildConfigurations = (
				5AFFBB4C28B2CFC10025C9A9 /* Debug */,
				5AFFBB4D28B2CFC10025C9A9 /* Release */,
			);
			defaultConfigurationIsVisible = 0;
			defaultConfigurationName = Release;
		};
		5AFFBB4E28B2CFC10025C9A9 /* Build configuration list for PBXNativeTarget "NotificationTestUITests" */ = {
			isa = XCConfigurationList;
			buildConfigurations = (
				5AFFBB4F28B2CFC10025C9A9 /* Debug */,
				5AFFBB5028B2CFC10025C9A9 /* Release */,
			);
			defaultConfigurationIsVisible = 0;
			defaultConfigurationName = Release;
		};
/* End XCConfigurationList section */
	};
	rootObject = 5AFFBB1628B2CFB60025C9A9 /* Project object */;
}
